lockfileVersion: '9.0'

settings:
  autoInstallPeers: true
  excludeLinksFromLockfile: false

importers:

  .:
    devDependencies:
      '@types/node':
        specifier: ^25.0.2
        version: 25.0.2
      extract-typings:
        specifier: ^1.0.2
        version: 1.0.2
      oxfmt:
        specifier: ^0.24.0
        version: 0.24.0
      oxlint:
        specifier: ^1.39.0
        version: 1.39.0
      typescript:
        specifier: ^5.8.3
        version: 5.8.3
      vite:
        specifier: 8.0.0-beta.2
        version: 8.0.0-beta.2(@types/node@25.0.2)

packages:

  '@emnapi/core@1.7.1':
    resolution: {integrity: sha512-o1uhUASyo921r2XtHYOHy7gdkGLge8ghBEQHMWmyJFoXlpU58kIrhhN3w26lpQb6dspetweapMn2CSNwQ8I4wg==}

  '@emnapi/runtime@1.7.1':
    resolution: {integrity: sha512-PVtJr5CmLwYAU9PZDMITZoR5iAOShYREoR45EyyLrbntV50mdePTgUn4AmOw90Ifcj+x2kRjdzr1HP3RrNiHGA==}

  '@emnapi/wasi-threads@1.1.0':
    resolution: {integrity: sha512-WI0DdZ8xFSbgMjR1sFsKABJ/C5OnRrjT06JXbZKexJGrDuPTzZdDYfFlsgcCXCyf+suG5QU2e/y1Wo2V/OapLQ==}

  '@napi-rs/wasm-runtime@1.1.0':
    resolution: {integrity: sha512-Fq6DJW+Bb5jaWE69/qOE0D1TUN9+6uWhCeZpdnSBk14pjLcCWR7Q8n49PTSPHazM37JqrsdpEthXy2xn6jWWiA==}

  '@oxc-project/runtime@0.102.0':
    resolution: {integrity: sha512-vEDGxVIeeO+u5XCHD5+iSzWwC3DgRpEaf3lPZETC+6GnoRKHaxbxV6XqpbOhiY423RVkAbBEtfetfrjJjPWByA==}
    engines: {node: ^20.19.0 || >=22.12.0}

  '@oxc-project/types@0.102.0':
    resolution: {integrity: sha512-8Skrw405g+/UJPKWJ1twIk3BIH2nXdiVlVNtYT23AXVwpsd79es4K+KYt06Fbnkc5BaTvk/COT2JuCLYdwnCdA==}

  '@oxfmt/darwin-arm64@0.24.0':
    resolution: {integrity: sha512-aYXuGf/yq8nsyEcHindGhiz9I+GEqLkVq8CfPbd+6VE259CpPEH+CaGHEO1j6vIOmNr8KHRq+IAjeRO2uJpb8A==}
    cpu: [arm64]
    os: [darwin]

  '@oxfmt/darwin-x64@0.24.0':
    resolution: {integrity: sha512-vs3b8Bs53hbiNvcNeBilzE/+IhDTWKjSBB3v/ztr664nZk65j0xr+5IHMBNz3CFppmX7o/aBta2PxY+t+4KoPg==}
    cpu: [x64]
    os: [darwin]

  '@oxfmt/linux-arm64-gnu@0.24.0':
    resolution: {integrity: sha512-ItPDOPoQ0wLj/s8osc5ch57uUcA1Wk8r0YdO8vLRpXA3UNg7KPOm1vdbkIZRRiSUphZcuX5ioOEetEK8H7RlTw==}
    cpu: [arm64]
    os: [linux]

  '@oxfmt/linux-arm64-musl@0.24.0':
    resolution: {integrity: sha512-JkQO3WnQjQTJONx8nxdgVBfl6BBFfpp9bKhChYhWeakwJdr7QPOAWJ/v3FGZfr0TbqINwnNR74aVZayDDRyXEA==}
    cpu: [arm64]
    os: [linux]

  '@oxfmt/linux-x64-gnu@0.24.0':
    resolution: {integrity: sha512-N/SXlFO+2kak5gMt0oxApi0WXQDhwA0PShR0UbkY0PwtHjfSiDqJSOumyNqgQVoroKr1GNnoRmUqjZIz6DKIcw==}
    cpu: [x64]
    os: [linux]

  '@oxfmt/linux-x64-musl@0.24.0':
    resolution: {integrity: sha512-WM0pek5YDCQf50XQ7GLCE9sMBCMPW/NPAEPH/Hx6Qyir37lEsP4rUmSECo/QFNTU6KBc9NnsviAyJruWPpCMXw==}
    cpu: [x64]
    os: [linux]

  '@oxfmt/win32-arm64@0.24.0':
    resolution: {integrity: sha512-vFCseli1KWtwdHrVlT/jWfZ8jP8oYpnPPEjI23mPLW8K/6GEJmmvy0PZP5NpWUFNTzX0lqie58XnrATJYAe9Xw==}
    cpu: [arm64]
    os: [win32]

  '@oxfmt/win32-x64@0.24.0':
    resolution: {integrity: sha512-0tmlNzcyewAnauNeBCq0xmAkmiKzl+H09p0IdHy+QKrTQdtixtf+AOjDAADbRfihkS+heF15Pjc4IyJMdAAJjw==}
    cpu: [x64]
    os: [win32]

  '@oxlint/darwin-arm64@1.39.0':
    resolution: {integrity: sha512-lT3hNhIa02xCujI6YGgjmYGg3Ht/X9ag5ipUVETaMpx5Rd4BbTNWUPif1WN1YZHxt3KLCIqaAe7zVhatv83HOQ==}
    cpu: [arm64]
    os: [darwin]

  '@oxlint/darwin-x64@1.39.0':
    resolution: {integrity: sha512-UT+rfTWd+Yr7iJeSLd/7nF8X4gTYssKh+n77hxl6Oilp3NnG1CKRHxZDy3o3lIBnwgzJkdyUAiYWO1bTMXQ1lA==}
    cpu: [x64]
    os: [darwin]

  '@oxlint/linux-arm64-gnu@1.39.0':
    resolution: {integrity: sha512-qocBkvS2V6rH0t9AT3DfQunMnj3xkM7srs5/Ycj2j5ZqMoaWd/FxHNVJDFP++35roKSvsRJoS0mtA8/77jqm6Q==}
    cpu: [arm64]
    os: [linux]

  '@oxlint/linux-arm64-musl@1.39.0':
    resolution: {integrity: sha512-arZzAc1PPcz9epvGBBCMHICeyQloKtHX3eoOe62B3Dskn7gf6Q14wnDHr1r9Vp4vtcBATNq6HlKV14smdlC/qA==}
    cpu: [arm64]
    os: [linux]

  '@oxlint/linux-x64-gnu@1.39.0':
    resolution: {integrity: sha512-ZVt5qsECpuNprdWxAPpDBwoixr1VTcZ4qAEQA2l/wmFyVPDYFD3oBY/SWACNnWBddMrswjTg9O8ALxYWoEpmXw==}
    cpu: [x64]
    os: [linux]

  '@oxlint/linux-x64-musl@1.39.0':
    resolution: {integrity: sha512-pB0hlGyKPbxr9NMIV783lD6cWL3MpaqnZRM9MWni4yBdHPTKyFNYdg5hGD0Bwg+UP4S2rOevq/+OO9x9Bi7E6g==}
    cpu: [x64]
    os: [linux]

  '@oxlint/win32-arm64@1.39.0':
    resolution: {integrity: sha512-Gg2SFaJohI9+tIQVKXlPw3FsPQFi/eCSWiCgwPtPn5uzQxHRTeQEZKuluz1fuzR5U70TXubb2liZi4Dgl8LJQA==}
    cpu: [arm64]
    os: [win32]

  '@oxlint/win32-x64@1.39.0':
    resolution: {integrity: sha512-sbi25lfj74hH+6qQtb7s1wEvd1j8OQbTaH8v3xTcDjrwm579Cyh0HBv1YSZ2+gsnVwfVDiCTL1D0JsNqYXszVA==}
    cpu: [x64]
    os: [win32]

  '@rolldown/binding-android-arm64@1.0.0-beta.54':
    resolution: {integrity: sha512-zZRx/ur3Fai3fxiEmVp48+6GCBR48PRWJR1X3TTMn9yiq2bBHlYPgBaQtDOYWXv5H3J5dXujeTyGnuoY+kdGCg==}
    engines: {node: ^20.19.0 || >=22.12.0}
    cpu: [arm64]
    os: [android]

  '@rolldown/binding-darwin-arm64@1.0.0-beta.54':
    resolution: {integrity: sha512-zMyFEJmbIs91x22HAA/eUvmZHgjX8tGsD3TJ+WC9aY4bCdl3w84H9vMZmChSHAF1dYvGNH4KQDI2IubeZaCYtg==}
    engines: {node: ^20.19.0 || >=22.12.0}
    cpu: [arm64]
    os: [darwin]

  '@rolldown/binding-darwin-x64@1.0.0-beta.54':
    resolution: {integrity: sha512-Ex7QttdaVnEpmE/zroUT5Qm10e2+Vjd9q0LX9eXm59SitxDODMpC8GI1Rct5RrLf4GLU4DzdXBj6DGzuR+6g6w==}
    engines: {node: ^20.19.0 || >=22.12.0}
    cpu: [x64]
    os: [darwin]

  '@rolldown/binding-freebsd-x64@1.0.0-beta.54':
    resolution: {integrity: sha512-E1XO10ryM/Vxw3Q1wvs9s2mSpVBfbHtzkbJcdu26qh17ZmVwNWLiIoqEcbkXm028YwkReG4Gd2gCZ3NxgTQ28Q==}
    engines: {node: ^20.19.0 || >=22.12.0}
    cpu: [x64]
    os: [freebsd]

  '@rolldown/binding-linux-arm-gnueabihf@1.0.0-beta.54':
    resolution: {integrity: sha512-oS73Uks8jczQR9pg0Bj718vap/x71exyJ5yuxu4X5V4MhwRQnky7ANSPm6ARUfraxOqt49IBfcMeGnw2rTSqdA==}
    engines: {node: ^20.19.0 || >=22.12.0}
    cpu: [arm]
    os: [linux]

  '@rolldown/binding-linux-arm64-gnu@1.0.0-beta.54':
    resolution: {integrity: sha512-pY8N2X5C+/ZQcy0eRdfOzOP//OFngP1TaIqDjFwfBPws2UNavKS8SpxhPEgUaYIaT0keVBd/TB+eVy9z+CIOtw==}
    engines: {node: ^20.19.0 || >=22.12.0}
    cpu: [arm64]
    os: [linux]

  '@rolldown/binding-linux-arm64-musl@1.0.0-beta.54':
    resolution: {integrity: sha512-cgTooAFm2MUmFriB7IYaWBNyqrGlRPKG+yaK2rGFl2rcdOcO24urY4p3eyB0ogqsRLvJbIxwjjYiWiIP7Eo1Cw==}
    engines: {node: ^20.19.0 || >=22.12.0}
    cpu: [arm64]
    os: [linux]

  '@rolldown/binding-linux-x64-gnu@1.0.0-beta.54':
    resolution: {integrity: sha512-nGyLT1Qau0W+kEL44V2jhHmvfS3wyJW08E4WEu2E6NuIy+uChKN1X0aoxzFIDi2owDsYaZYez/98/f268EupIQ==}
    engines: {node: ^20.19.0 || >=22.12.0}
    cpu: [x64]
    os: [linux]

  '@rolldown/binding-linux-x64-musl@1.0.0-beta.54':
    resolution: {integrity: sha512-KH374P0TUjDXssROT/orvzaWrzGOptD13PTrltgKwbDprJTMknoLiYsOD6Ttz92O2VuAcCtFuJ1xbyFM2Uo/Xg==}
    engines: {node: ^20.19.0 || >=22.12.0}
    cpu: [x64]
    os: [linux]

  '@rolldown/binding-openharmony-arm64@1.0.0-beta.54':
    resolution: {integrity: sha512-oMAVO4wbfAbhpBxPsSp8R7ntL2DchpNfO+tGhN8/sI9jsbYwOv78uIW1fTwOBslhjTVFltGJ+l23mubNQcYNaQ==}
    engines: {node: ^20.19.0 || >=22.12.0}
    cpu: [arm64]
    os: [openharmony]

  '@rolldown/binding-wasm32-wasi@1.0.0-beta.54':
    resolution: {integrity: sha512-MYY/FmY+HehHiQkNx04W5oLy/Fqd1hXYqZmmorSDXvAHnxMbSgmdFicKsSYOg/sVGHBMEP1tTn6kV5sWrS45rA==}
    engines: {node: '>=14.0.0'}
    cpu: [wasm32]

  '@rolldown/binding-win32-arm64-msvc@1.0.0-beta.54':
    resolution: {integrity: sha512-66o3uKxUmcYskT9exskxs3OVduXf5x0ndlMkYOjSpBgqzhLtkub136yDvZkNT1OkNDET0odSwcU7aWdpnwzAyg==}
    engines: {node: ^20.19.0 || >=22.12.0}
    cpu: [arm64]
    os: [win32]

  '@rolldown/binding-win32-x64-msvc@1.0.0-beta.54':
    resolution: {integrity: sha512-FbbbrboChLBXfeEsOfaypBGqzbdJ/CcSA2BPLCggojnIHy58Jo+AXV7HATY8opZk7194rRbokIT8AfPJtZAWtg==}
    engines: {node: ^20.19.0 || >=22.12.0}
    cpu: [x64]
    os: [win32]

  '@rolldown/pluginutils@1.0.0-beta.54':
    resolution: {integrity: sha512-AHgcZ+w7RIRZ65ihSQL8YuoKcpD9Scew4sEeP1BBUT9QdTo6KjwHrZZXjID6nL10fhKessCH6OPany2QKwAwTQ==}

  '@tybys/wasm-util@0.10.1':
    resolution: {integrity: sha512-9tTaPJLSiejZKx+Bmog4uSubteqTvFrVrURwkmHixBo0G4seD0zUxp98E1DzUBJxLQ3NPwXrGKDiVjwx/DpPsg==}

  '@types/node@25.0.2':
    resolution: {integrity: sha512-gWEkeiyYE4vqjON/+Obqcoeffmk0NF15WSBwSs7zwVA2bAbTaE0SJ7P0WNGoJn8uE7fiaV5a7dKYIJriEqOrmA==}

  ansi-regex@6.2.2:
    resolution: {integrity: sha512-Bq3SmSpyFHaWjPk8If9yc6svM8c56dB5BAtW4Qbw5jHTwwXXcTLoRMkpDJp6VL0XzlWaCHTXrkFURMYmD0sLqg==}
    engines: {node: '>=12'}

  chalk@5.6.2:
    resolution: {integrity: sha512-7NzBL0rN6fMUW+f7A6Io4h40qQlG+xGmtMxfbnH/K7TAtt8JQWVQK+6g0UXKMeVJoyV5EkkNsErQ8pVD3bLHbA==}
    engines: {node: ^12.17.0 || ^14.13 || >=16.0.0}

  cli-cursor@5.0.0:
    resolution: {integrity: sha512-aCj4O5wKyszjMmDT4tZj93kxyydN/K5zPWSCe6/0AV/AA1pqe5ZBIw0a2ZfPQV7lL5/yb5HsUreJ6UFAF1tEQw==}
    engines: {node: '>=18'}

  cli-spinners@3.3.0:
    resolution: {integrity: sha512-/+40ljC3ONVnYIttjMWrlL51nItDAbBrq2upN8BPyvGU/2n5Oxw3tbNwORCaNuNqLJnxGqOfjUuhsv7l5Q4IsQ==}
    engines: {node: '>=18.20'}

  convert_json2dts@1.0.5:
    resolution: {integrity: sha512-1dSbHn2nK1OXo4hCpaHeCoFpwa06g1gumd5JFupTjftEL5aP38F7izguDNZWGfZvCt0AMFzxsudPTzog2PeuRA==}

  detect-libc@2.1.2:
    resolution: {integrity: sha512-Btj2BOOO83o3WyH59e8MgXsxEQVcarkUOpEYrubB0urwnN10yQ364rsiByU11nZlqWYZm05i/of7io4mzihBtQ==}
    engines: {node: '>=8'}

  extract-typings@1.0.2:
    resolution: {integrity: sha512-FbM9z2puP0uikETu6FYCcLbxHB1IjcK4AhDrzGEodWwgZ/Gusyoo2Ftt6dOd0uvQod+mB8a6bW4BuDyyJ1R90A==}
    hasBin: true

  fdir@6.5.0:
    resolution: {integrity: sha512-tIbYtZbucOs0BRGqPJkshJUYdL+SDH7dVM8gjy+ERp3WAUjLEFJE+02kanyHtwjWOnwrKYBiwAmM0p4kLJAnXg==}
    engines: {node: '>=12.0.0'}
    peerDependencies:
      picomatch: ^3 || ^4
    peerDependenciesMeta:
      picomatch:
        optional: true

  fsevents@2.3.3:
    resolution: {integrity: sha512-5xoDfX+fL7faATnagmWPpbFtwh/R77WmMMqqHGS65C3vvB0YHrgF+B1YmZ3441tMj5n63k0212XNoJwzlhffQw==}
    engines: {node: ^8.16.0 || ^10.6.0 || >=11.0.0}
    os: [darwin]

  get-east-asian-width@1.4.0:
    resolution: {integrity: sha512-QZjmEOC+IT1uk6Rx0sX22V6uHWVwbdbxf1faPqJ1QhLdGgsRGCZoyaQBm/piRdJy/D2um6hM1UP7ZEeQ4EkP+Q==}
    engines: {node: '>=18'}

  is-interactive@2.0.0:
    resolution: {integrity: sha512-qP1vozQRI+BMOPcjFzrjXuQvdak2pHNUMZoeG2eRbiSqyvbEf/wQtEOTOX1guk6E3t36RkaqiSt8A/6YElNxLQ==}
    engines: {node: '>=12'}

  is-unicode-supported@2.1.0:
    resolution: {integrity: sha512-mE00Gnza5EEB3Ds0HfMyllZzbBrmLOX3vfWoj9A9PEnTfratQ/BcaJOuMhnkhjXvb2+FkY3VuHqtAGpTPmglFQ==}
    engines: {node: '>=18'}

  json5@2.2.3:
    resolution: {integrity: sha512-XmOWe7eyHYH14cLdVPoyg+GOH3rYX++KpzrylJwSW98t3Nk+U8XOl8FWKOgwtzdb8lXGf6zYwDUzeHMWfxasyg==}
    engines: {node: '>=6'}
    hasBin: true

  lightningcss-android-arm64@1.30.2:
    resolution: {integrity: sha512-BH9sEdOCahSgmkVhBLeU7Hc9DWeZ1Eb6wNS6Da8igvUwAe0sqROHddIlvU06q3WyXVEOYDZ6ykBZQnjTbmo4+A==}
    engines: {node: '>= 12.0.0'}
    cpu: [arm64]
    os: [android]

  lightningcss-darwin-arm64@1.30.2:
    resolution: {integrity: sha512-ylTcDJBN3Hp21TdhRT5zBOIi73P6/W0qwvlFEk22fkdXchtNTOU4Qc37SkzV+EKYxLouZ6M4LG9NfZ1qkhhBWA==}
    engines: {node: '>= 12.0.0'}
    cpu: [arm64]
    os: [darwin]

  lightningcss-darwin-x64@1.30.2:
    resolution: {integrity: sha512-oBZgKchomuDYxr7ilwLcyms6BCyLn0z8J0+ZZmfpjwg9fRVZIR5/GMXd7r9RH94iDhld3UmSjBM6nXWM2TfZTQ==}
    engines: {node: '>= 12.0.0'}
    cpu: [x64]
    os: [darwin]

  lightningcss-freebsd-x64@1.30.2:
    resolution: {integrity: sha512-c2bH6xTrf4BDpK8MoGG4Bd6zAMZDAXS569UxCAGcA7IKbHNMlhGQ89eRmvpIUGfKWNVdbhSbkQaWhEoMGmGslA==}
    engines: {node: '>= 12.0.0'}
    cpu: [x64]
    os: [freebsd]

  lightningcss-linux-arm-gnueabihf@1.30.2:
    resolution: {integrity: sha512-eVdpxh4wYcm0PofJIZVuYuLiqBIakQ9uFZmipf6LF/HRj5Bgm0eb3qL/mr1smyXIS1twwOxNWndd8z0E374hiA==}
    engines: {node: '>= 12.0.0'}
    cpu: [arm]
    os: [linux]

  lightningcss-linux-arm64-gnu@1.30.2:
    resolution: {integrity: sha512-UK65WJAbwIJbiBFXpxrbTNArtfuznvxAJw4Q2ZGlU8kPeDIWEX1dg3rn2veBVUylA2Ezg89ktszWbaQnxD/e3A==}
    engines: {node: '>= 12.0.0'}
    cpu: [arm64]
    os: [linux]

  lightningcss-linux-arm64-musl@1.30.2:
    resolution: {integrity: sha512-5Vh9dGeblpTxWHpOx8iauV02popZDsCYMPIgiuw97OJ5uaDsL86cnqSFs5LZkG3ghHoX5isLgWzMs+eD1YzrnA==}
    engines: {node: '>= 12.0.0'}
    cpu: [arm64]
    os: [linux]

  lightningcss-linux-x64-gnu@1.30.2:
    resolution: {integrity: sha512-Cfd46gdmj1vQ+lR6VRTTadNHu6ALuw2pKR9lYq4FnhvgBc4zWY1EtZcAc6EffShbb1MFrIPfLDXD6Xprbnni4w==}
    engines: {node: '>= 12.0.0'}
    cpu: [x64]
    os: [linux]

  lightningcss-linux-x64-musl@1.30.2:
    resolution: {integrity: sha512-XJaLUUFXb6/QG2lGIW6aIk6jKdtjtcffUT0NKvIqhSBY3hh9Ch+1LCeH80dR9q9LBjG3ewbDjnumefsLsP6aiA==}
    engines: {node: '>= 12.0.0'}
    cpu: [x64]
    os: [linux]

  lightningcss-win32-arm64-msvc@1.30.2:
    resolution: {integrity: sha512-FZn+vaj7zLv//D/192WFFVA0RgHawIcHqLX9xuWiQt7P0PtdFEVaxgF9rjM/IRYHQXNnk61/H/gb2Ei+kUQ4xQ==}
    engines: {node: '>= 12.0.0'}
    cpu: [arm64]
    os: [win32]

  lightningcss-win32-x64-msvc@1.30.2:
    resolution: {integrity: sha512-5g1yc73p+iAkid5phb4oVFMB45417DkRevRbt/El/gKXJk4jid+vPFF/AXbxn05Aky8PapwzZrdJShv5C0avjw==}
    engines: {node: '>= 12.0.0'}
    cpu: [x64]
    os: [win32]

  lightningcss@1.30.2:
    resolution: {integrity: sha512-utfs7Pr5uJyyvDETitgsaqSyjCb2qNRAtuqUeWIAKztsOYdcACf2KtARYXg2pSvhkt+9NfoaNY7fxjl6nuMjIQ==}
    engines: {node: '>= 12.0.0'}

  log-symbols@7.0.1:
    resolution: {integrity: sha512-ja1E3yCr9i/0hmBVaM0bfwDjnGy8I/s6PP4DFp+yP+a+mrHO4Rm7DtmnqROTUkHIkqffC84YY7AeqX6oFk0WFg==}
    engines: {node: '>=18'}

  mimic-function@5.0.1:
    resolution: {integrity: sha512-VP79XUPxV2CigYP3jWwAUFSku2aKqBH7uTAapFWCBqutsbmDo96KY5o8uh6U+/YSIn5OxJnXp73beVkpqMIGhA==}
    engines: {node: '>=18'}

  minimist@1.2.8:
    resolution: {integrity: sha512-2yyAR8qBkN3YuheJanUpWC5U3bb5osDywNB8RzDVlDwDHbocAJveqqj1u8+SVD7jkWT4yvsHCpWqqWqAxb0zCA==}

  nanoid@3.3.11:
    resolution: {integrity: sha512-N8SpfPUnUp1bK+PMYW8qSWdl9U+wwNWI4QKxOYDy9JAro3WMX7p2OeVRF9v+347pnakNevPmiHhNmZ2HbFA76w==}
    engines: {node: ^10 || ^12 || ^13.7 || ^14 || >=15.0.1}
    hasBin: true

  onetime@7.0.0:
    resolution: {integrity: sha512-VXJjc87FScF88uafS3JllDgvAm+c/Slfz06lorj2uAY34rlUu0Nt+v8wreiImcrgAjjIHp1rXpTDlLOGw29WwQ==}
    engines: {node: '>=18'}

  ora@9.0.0:
    resolution: {integrity: sha512-m0pg2zscbYgWbqRR6ABga5c3sZdEon7bSgjnlXC64kxtxLOyjRcbbUkLj7HFyy/FTD+P2xdBWu8snGhYI0jc4A==}
    engines: {node: '>=20'}

  oxfmt@0.24.0:
    resolution: {integrity: sha512-UjeM3Peez8Tl7IJ9s5UwAoZSiDRMww7BEc21gDYxLq3S3/KqJnM3mjNxsoSHgmBvSeX6RBhoVc2MfC/+96RdSw==}
    engines: {node: ^20.19.0 || >=22.12.0}
    hasBin: true

  oxlint@1.39.0:
    resolution: {integrity: sha512-wSiLr0wjG+KTU6c1LpVoQk7JZ7l8HCKlAkVDVTJKWmCGazsNxexxnOXl7dsar92mQcRnzko5g077ggP3RINSjA==}
    engines: {node: ^20.19.0 || >=22.12.0}
    hasBin: true
    peerDependencies:
      oxlint-tsgolint: '>=0.10.0'
    peerDependenciesMeta:
      oxlint-tsgolint:
        optional: true

  picocolors@1.1.1:
    resolution: {integrity: sha512-xceH2snhtb5M9liqDsmEw56le376mTZkEX/jEb/RxNFyegNul7eNslCXP9FDj/Lcu0X8KEyMceP2ntpaHrDEVA==}

  picomatch@4.0.3:
    resolution: {integrity: sha512-5gTmgEY/sqK6gFXLIsQNH19lWb4ebPDLA4SdLP7dsWkIXHWlG66oPuVvXSGFPppYZz8ZDZq0dYYrbHfBCVUb1Q==}
    engines: {node: '>=12'}

  postcss@8.5.6:
    resolution: {integrity: sha512-3Ybi1tAuwAP9s0r1UQ2J4n5Y0G05bJkpUIO0/bI9MhwmD70S5aTWbXGBwxHrelT+XM1k6dM0pk+SwNkpTRN7Pg==}
    engines: {node: ^10 || ^12 || >=14}

  restore-cursor@5.1.0:
    resolution: {integrity: sha512-oMA2dcrw6u0YfxJQXm342bFKX/E4sG9rbTzO9ptUcR/e8A33cHuvStiYOwH7fszkZlZ1z/ta9AAoPk2F4qIOHA==}
    engines: {node: '>=18'}

  rolldown@1.0.0-beta.54:
    resolution: {integrity: sha512-3lIvjCWgjPL3gmiATUdV1NeVBGJZy6FdtwgLPol25tAkn46Q/MsVGfCSNswXwFOxGrxglPaN20IeALSIFuFyEg==}
    engines: {node: ^20.19.0 || >=22.12.0}
    hasBin: true

  signal-exit@4.1.0:
    resolution: {integrity: sha512-bzyZ1e88w9O1iNJbKnOlvYTrWPDl46O1bG0D3XInv+9tkPrxrN8jUUTiFlDkkmKWgn1M6CfIA13SuGqOa9Korw==}
    engines: {node: '>=14'}

  source-map-js@1.2.1:
    resolution: {integrity: sha512-UXWMKhLOwVKb728IUtQPXxfYU+usdybtUrK/8uGE8CQMvrhOpwvzDBwj0QhSL7MQc7vIsISBG8VQ8+IDQxpfQA==}
    engines: {node: '>=0.10.0'}

  stdin-discarder@0.2.2:
    resolution: {integrity: sha512-UhDfHmA92YAlNnCfhmq0VeNL5bDbiZGg7sZ2IvPsXubGkiNa9EC+tUTsjBRsYUAz87btI6/1wf4XoVvQ3uRnmQ==}
    engines: {node: '>=18'}

  string-width@8.1.0:
    resolution: {integrity: sha512-Kxl3KJGb/gxkaUMOjRsQ8IrXiGW75O4E3RPjFIINOVH8AMl2SQ/yWdTzWwF3FevIX9LcMAjJW+GRwAlAbTSXdg==}
    engines: {node: '>=20'}

  strip-ansi@7.1.2:
    resolution: {integrity: sha512-gmBGslpoQJtgnMAvOVqGZpEz9dyoKTCzy2nfz/n8aIFhN/jCE/rCmcxabB6jOOHV+0WNnylOxaxBQPSvcWklhA==}
    engines: {node: '>=12'}

  strip-bom@3.0.0:
    resolution: {integrity: sha512-vavAMRXOgBVNF6nyEEmL3DBK19iRpDcoIwW+swQ+CbGiu7lju6t+JklA1MHweoWtadgt4ISVUsXLyDq34ddcwA==}
    engines: {node: '>=4'}

  tinyglobby@0.2.15:
    resolution: {integrity: sha512-j2Zq4NyQYG5XMST4cbs02Ak8iJUdxRM0XI5QyxXuZOzKOINmWurp3smXu3y5wDcJrptwpSjgXHzIQxR0omXljQ==}
    engines: {node: '>=12.0.0'}

  tinypool@2.0.0:
    resolution: {integrity: sha512-/RX9RzeH2xU5ADE7n2Ykvmi9ED3FBGPAjw9u3zucrNNaEBIO0HPSYgL0NT7+3p147ojeSdaVu08F6hjpv31HJg==}
    engines: {node: ^20.0.0 || >=22.0.0}

  tsconfig-paths@4.2.0:
    resolution: {integrity: sha512-NoZ4roiN7LnbKn9QqE1amc9DJfzvZXxF4xDavcOWt1BPkdx+m+0gJuPM+S0vCe7zTJMYUP0R8pO2XMr+Y8oLIg==}
    engines: {node: '>=6'}

  tslib@2.8.1:
    resolution: {integrity: sha512-oJFu94HQb+KVduSUQL7wnpmqnfmLsOA/nAh6b6EH0wCEoK0/mPeXU6c3wKDV83MkOuHPRHtSXKKU99IBazS/2w==}

  typescript@5.8.3:
    resolution: {integrity: sha512-p1diW6TqL9L07nNxvRMM7hMMw4c5XOo/1ibL4aAIGmSAt9slTE1Xgw5KWuof2uTOvCg9BY7ZRi+GaF+7sfgPeQ==}
    engines: {node: '>=14.17'}
    hasBin: true

  typescript@5.9.3:
    resolution: {integrity: sha512-jl1vZzPDinLr9eUt3J/t7V6FgNEw9QjvBPdysz9KfQDD41fQrC2Y4vKQdiaUpFT4bXlb1RHhLpp8wtm6M5TgSw==}
    engines: {node: '>=14.17'}
    hasBin: true

  undici-types@7.16.0:
    resolution: {integrity: sha512-Zz+aZWSj8LE6zoxD+xrjh4VfkIG8Ya6LvYkZqtUQGJPZjYl53ypCaUwWqo7eI0x66KBGeRo+mlBEkMSeSZ38Nw==}

  vite@8.0.0-beta.2:
    resolution: {integrity: sha512-PIkpGhNy7r5r6Sepwo07BDWf8vr6O4CXVBm+vg7aIpswvL0VNGTjok1qiNRypcqT9dhFQJggtPoubZwXM7yeAQ==}
    engines: {node: ^20.19.0 || >=22.12.0}
    hasBin: true
    peerDependencies:
      '@types/node': ^20.19.0 || >=22.12.0
      esbuild: ^0.25.0
      jiti: '>=1.21.0'
      less: ^4.0.0
      sass: ^1.70.0
      sass-embedded: ^1.70.0
      stylus: '>=0.54.8'
      sugarss: ^5.0.0
      terser: ^5.16.0
      tsx: ^4.8.1
      yaml: ^2.4.2
    peerDependenciesMeta:
      '@types/node':
        optional: true
      esbuild:
        optional: true
      jiti:
        optional: true
      less:
        optional: true
      sass:
        optional: true
      sass-embedded:
        optional: true
      stylus:
        optional: true
      sugarss:
        optional: true
      terser:
        optional: true
      tsx:
        optional: true
      yaml:
        optional: true

  yoctocolors@2.1.2:
    resolution: {integrity: sha512-CzhO+pFNo8ajLM2d2IW/R93ipy99LWjtwblvC1RsoSUMZgyLbYFr221TnSNT7GjGdYui6P459mw9JH/g/zW2ug==}
    engines: {node: '>=18'}

snapshots:

  '@emnapi/core@1.7.1':
    dependencies:
      '@emnapi/wasi-threads': 1.1.0
      tslib: 2.8.1
    optional: true

  '@emnapi/runtime@1.7.1':
    dependencies:
      tslib: 2.8.1
    optional: true

  '@emnapi/wasi-threads@1.1.0':
    dependencies:
      tslib: 2.8.1
    optional: true

  '@napi-rs/wasm-runtime@1.1.0':
    dependencies:
      '@emnapi/core': 1.7.1
      '@emnapi/runtime': 1.7.1
      '@tybys/wasm-util': 0.10.1
    optional: true

  '@oxc-project/runtime@0.102.0': {}

  '@oxc-project/types@0.102.0': {}

  '@oxfmt/darwin-arm64@0.24.0':
    optional: true

  '@oxfmt/darwin-x64@0.24.0':
    optional: true

  '@oxfmt/linux-arm64-gnu@0.24.0':
    optional: true

  '@oxfmt/linux-arm64-musl@0.24.0':
    optional: true

  '@oxfmt/linux-x64-gnu@0.24.0':
    optional: true

  '@oxfmt/linux-x64-musl@0.24.0':
    optional: true

  '@oxfmt/win32-arm64@0.24.0':
    optional: true

  '@oxfmt/win32-x64@0.24.0':
    optional: true

  '@oxlint/darwin-arm64@1.39.0':
    optional: true

  '@oxlint/darwin-x64@1.39.0':
    optional: true

  '@oxlint/linux-arm64-gnu@1.39.0':
    optional: true

  '@oxlint/linux-arm64-musl@1.39.0':
    optional: true

  '@oxlint/linux-x64-gnu@1.39.0':
    optional: true

  '@oxlint/linux-x64-musl@1.39.0':
    optional: true

  '@oxlint/win32-arm64@1.39.0':
    optional: true

  '@oxlint/win32-x64@1.39.0':
    optional: true

  '@rolldown/binding-android-arm64@1.0.0-beta.54':
    optional: true

  '@rolldown/binding-darwin-arm64@1.0.0-beta.54':
    optional: true

  '@rolldown/binding-darwin-x64@1.0.0-beta.54':
    optional: true

  '@rolldown/binding-freebsd-x64@1.0.0-beta.54':
    optional: true

  '@rolldown/binding-linux-arm-gnueabihf@1.0.0-beta.54':
    optional: true

  '@rolldown/binding-linux-arm64-gnu@1.0.0-beta.54':
    optional: true

  '@rolldown/binding-linux-arm64-musl@1.0.0-beta.54':
    optional: true

  '@rolldown/binding-linux-x64-gnu@1.0.0-beta.54':
    optional: true

  '@rolldown/binding-linux-x64-musl@1.0.0-beta.54':
    optional: true

  '@rolldown/binding-openharmony-arm64@1.0.0-beta.54':
    optional: true

  '@rolldown/binding-wasm32-wasi@1.0.0-beta.54':
    dependencies:
      '@napi-rs/wasm-runtime': 1.1.0
    optional: true

  '@rolldown/binding-win32-arm64-msvc@1.0.0-beta.54':
    optional: true

  '@rolldown/binding-win32-x64-msvc@1.0.0-beta.54':
    optional: true

  '@rolldown/pluginutils@1.0.0-beta.54': {}

  '@tybys/wasm-util@0.10.1':
    dependencies:
      tslib: 2.8.1
    optional: true

  '@types/node@25.0.2':
    dependencies:
      undici-types: 7.16.0

  ansi-regex@6.2.2: {}

  chalk@5.6.2: {}

  cli-cursor@5.0.0:
    dependencies:
      restore-cursor: 5.1.0

  cli-spinners@3.3.0: {}

  convert_json2dts@1.0.5: {}

  detect-libc@2.1.2: {}

  extract-typings@1.0.2:
    dependencies:
      chalk: 5.6.2
      convert_json2dts: 1.0.5
      ora: 9.0.0
      tsconfig-paths: 4.2.0
      typescript: 5.9.3

  fdir@6.5.0(picomatch@4.0.3):
    optionalDependencies:
      picomatch: 4.0.3

  fsevents@2.3.3:
    optional: true

  get-east-asian-width@1.4.0: {}

  is-interactive@2.0.0: {}

  is-unicode-supported@2.1.0: {}

  json5@2.2.3: {}

  lightningcss-android-arm64@1.30.2:
    optional: true

  lightningcss-darwin-arm64@1.30.2:
    optional: true

  lightningcss-darwin-x64@1.30.2:
    optional: true

  lightningcss-freebsd-x64@1.30.2:
    optional: true

  lightningcss-linux-arm-gnueabihf@1.30.2:
    optional: true

  lightningcss-linux-arm64-gnu@1.30.2:
    optional: true

  lightningcss-linux-arm64-musl@1.30.2:
    optional: true

  lightningcss-linux-x64-gnu@1.30.2:
    optional: true

  lightningcss-linux-x64-musl@1.30.2:
    optional: true

  lightningcss-win32-arm64-msvc@1.30.2:
    optional: true

  lightningcss-win32-x64-msvc@1.30.2:
    optional: true

  lightningcss@1.30.2:
    dependencies:
      detect-libc: 2.1.2
    optionalDependencies:
      lightningcss-android-arm64: 1.30.2
      lightningcss-darwin-arm64: 1.30.2
      lightningcss-darwin-x64: 1.30.2
      lightningcss-freebsd-x64: 1.30.2
      lightningcss-linux-arm-gnueabihf: 1.30.2
      lightningcss-linux-arm64-gnu: 1.30.2
      lightningcss-linux-arm64-musl: 1.30.2
      lightningcss-linux-x64-gnu: 1.30.2
      lightningcss-linux-x64-musl: 1.30.2
      lightningcss-win32-arm64-msvc: 1.30.2
      lightningcss-win32-x64-msvc: 1.30.2

  log-symbols@7.0.1:
    dependencies:
      is-unicode-supported: 2.1.0
      yoctocolors: 2.1.2

  mimic-function@5.0.1: {}

  minimist@1.2.8: {}

  nanoid@3.3.11: {}

  onetime@7.0.0:
    dependencies:
      mimic-function: 5.0.1

  ora@9.0.0:
    dependencies:
      chalk: 5.6.2
      cli-cursor: 5.0.0
      cli-spinners: 3.3.0
      is-interactive: 2.0.0
      is-unicode-supported: 2.1.0
      log-symbols: 7.0.1
      stdin-discarder: 0.2.2
      string-width: 8.1.0
      strip-ansi: 7.1.2

  oxfmt@0.24.0:
    dependencies:
      tinypool: 2.0.0
    optionalDependencies:
      '@oxfmt/darwin-arm64': 0.24.0
      '@oxfmt/darwin-x64': 0.24.0
      '@oxfmt/linux-arm64-gnu': 0.24.0
      '@oxfmt/linux-arm64-musl': 0.24.0
      '@oxfmt/linux-x64-gnu': 0.24.0
      '@oxfmt/linux-x64-musl': 0.24.0
      '@oxfmt/win32-arm64': 0.24.0
      '@oxfmt/win32-x64': 0.24.0

  oxlint@1.39.0:
    optionalDependencies:
      '@oxlint/darwin-arm64': 1.39.0
      '@oxlint/darwin-x64': 1.39.0
      '@oxlint/linux-arm64-gnu': 1.39.0
      '@oxlint/linux-arm64-musl': 1.39.0
      '@oxlint/linux-x64-gnu': 1.39.0
      '@oxlint/linux-x64-musl': 1.39.0
      '@oxlint/win32-arm64': 1.39.0
      '@oxlint/win32-x64': 1.39.0

  picocolors@1.1.1: {}

  picomatch@4.0.3: {}

  postcss@8.5.6:
    dependencies:
      nanoid: 3.3.11
      picocolors: 1.1.1
      source-map-js: 1.2.1

  restore-cursor@5.1.0:
    dependencies:
      onetime: 7.0.0
      signal-exit: 4.1.0

  rolldown@1.0.0-beta.54:
    dependencies:
      '@oxc-project/types': 0.102.0
      '@rolldown/pluginutils': 1.0.0-beta.54
    optionalDependencies:
      '@rolldown/binding-android-arm64': 1.0.0-beta.54
      '@rolldown/binding-darwin-arm64': 1.0.0-beta.54
      '@rolldown/binding-darwin-x64': 1.0.0-beta.54
      '@rolldown/binding-freebsd-x64': 1.0.0-beta.54
      '@rolldown/binding-linux-arm-gnueabihf': 1.0.0-beta.54
      '@rolldown/binding-linux-arm64-gnu': 1.0.0-beta.54
      '@rolldown/binding-linux-arm64-musl': 1.0.0-beta.54
      '@rolldown/binding-linux-x64-gnu': 1.0.0-beta.54
      '@rolldown/binding-linux-x64-musl': 1.0.0-beta.54
      '@rolldown/binding-openharmony-arm64': 1.0.0-beta.54
      '@rolldown/binding-wasm32-wasi': 1.0.0-beta.54
      '@rolldown/binding-win32-arm64-msvc': 1.0.0-beta.54
      '@rolldown/binding-win32-x64-msvc': 1.0.0-beta.54

  signal-exit@4.1.0: {}

  source-map-js@1.2.1: {}

  stdin-discarder@0.2.2: {}

  string-width@8.1.0:
    dependencies:
      get-east-asian-width: 1.4.0
      strip-ansi: 7.1.2

  strip-ansi@7.1.2:
    dependencies:
      ansi-regex: 6.2.2

  strip-bom@3.0.0: {}

  tinyglobby@0.2.15:
    dependencies:
      fdir: 6.5.0(picomatch@4.0.3)
      picomatch: 4.0.3

  tinypool@2.0.0: {}

  tsconfig-paths@4.2.0:
    dependencies:
      json5: 2.2.3
      minimist: 1.2.8
      strip-bom: 3.0.0

  tslib@2.8.1:
    optional: true

  typescript@5.8.3: {}

  typescript@5.9.3: {}

  undici-types@7.16.0: {}

  vite@8.0.0-beta.2(@types/node@25.0.2):
    dependencies:
      '@oxc-project/runtime': 0.102.0
      fdir: 6.5.0(picomatch@4.0.3)
      lightningcss: 1.30.2
      picomatch: 4.0.3
      postcss: 8.5.6
      rolldown: 1.0.0-beta.54
      tinyglobby: 0.2.15
    optionalDependencies:
      '@types/node': 25.0.2
      fsevents: 2.3.3

  yoctocolors@2.1.2: {}
